// !$*UTF8*$!
{
	archiveVersion = 1;
	classes = {
	};
	objectVersion = 48;
	objects = {

/* Begin PBXBuildFile section */
		3B3BC69B207B632C000C52BF /* AppDelegate.swift in Sources */ = {isa = PBXBuildFile; fileRef = 3B3BC69A207B632C000C52BF /* AppDelegate.swift */; };
		3B3BC69D207B632C000C52BF /* ViewController.swift in Sources */ = {isa = PBXBuildFile; fileRef = 3B3BC69C207B632C000C52BF /* ViewController.swift */; };
		3B3BC6A0207B632C000C52BF /* Main.storyboard in Resources */ = {isa = PBXBuildFile; fileRef = 3B3BC69E207B632C000C52BF /* Main.storyboard */; };
		3B3BC6A2207B632C000C52BF /* Assets.xcassets in Resources */ = {isa = PBXBuildFile; fileRef = 3B3BC6A1207B632C000C52BF /* Assets.xcassets */; };
		3B3BC6A5207B632C000C52BF /* LaunchScreen.storyboard in Resources */ = {isa = PBXBuildFile; fileRef = 3B3BC6A3207B632C000C52BF /* LaunchScreen.storyboard */; };
/* End PBXBuildFile section */

/* Begin PBXFileReference section */
		3B3BC697207B632C000C52BF /* UNUserNotification-Demo.app */ = {isa = PBXFileReference; explicitFileType = wrapper.application; includeInIndex = 0; path = "UNUserNotification-Demo.app"; sourceTree = BUILT_PRODUCTS_DIR; };
		3B3BC69A207B632C000C52BF /* AppDelegate.swift */ = {isa = PBXFileReference; lastKnownFileType = sourcecode.swift; path = AppDelegate.swift; sourceTree = "<group>"; };
		3B3BC69C207B632C000C52BF /* ViewController.swift */ = {isa = PBXFileReference; lastKnownFileType = sourcecode.swift; path = ViewController.swift; sourceTree = "<group>"; };
		3B3BC69F207B632C000C52BF /* Base */ = {isa = PBXFileReference; lastKnownFileType = file.storyboard; name = Base; path = Base.lproj/Main.storyboard; sourceTree = "<group>"; };
		3B3BC6A1207B632C000C52BF /* Assets.xcassets */ = {isa = PBXFileReference; lastKnownFileType = folder.assetcatalog; path = Assets.xcassets; sourceTree = "<group>"; };
		3B3BC6A4207B632C000C52BF /* Base */ = {isa = PBXFileReference; lastKnownFileType = file.storyboard; name = Base; path = Base.lproj/LaunchScreen.storyboard; sourceTree = "<group>"; };
		3B3BC6A6207B632C000C52BF /* Info.plist */ = {isa = PBXFileReference; lastKnownFileType = text.plist.xml; path = Info.plist; sourceTree = "<group>"; };
/* End PBXFileReference section */

/* Begin PBXFrameworksBuildPhase section */
		3B3BC694207B632C000C52BF /* Frameworks */ = {
			isa = PBXFrameworksBuildPhase;
			buildActionMask = 2147483647;
			files = (
			);
			runOnlyForDeploymentPostprocessing = 0;
		};
/* End PBXFrameworksBuildPhase section */

/* Begin PBXGroup section */
		3B3BC68E207B632C000C52BF = {
			isa = PBXGroup;
			children = (
				3B3BC699207B632C000C52BF /* UNUserNotification-Demo */,
				3B3BC698207B632C000C52BF /* Products */,
			);
			sourceTree = "<group>";
		};
		3B3BC698207B632C000C52BF /* Products */ = {
			isa = PBXGroup;
			children = (
				3B3BC697207B632C000C52BF /* UNUserNotification-Demo.app */,
			);
			name = Products;
			sourceTree = "<group>";
		};
		3B3BC699207B632C000C52BF /* UNUserNotification-Demo */ = {
			isa = PBXGroup;
			children = (
				3B3BC69A207B632C000C52BF /* AppDelegate.swift */,
				3B3BC69C207B632C000C52BF /* ViewController.swift */,
				3B3BC69E207B632C000C52BF /* Main.storyboard */,
				3B3BC6A1207B632C000C52BF /* Assets.xcassets */,
				3B3BC6A3207B632C000C52BF /* LaunchScreen.storyboard */,
				3B3BC6A6207B632C000C52BF /* Info.plist */,
			);
			path = "UNUserNotification-Demo";
			sourceTree = "<group>";
		};
/* End PBXGroup section */

/* Begin PBXNativeTarget section */
		3B3BC696207B632C000C52BF /* UNUserNotification-Demo */ = {
			isa = PBXNativeTarget;
			buildConfigurationList = 3B3BC6A9207B632C000C52BF /* Build configuration list for PBXNativeTarget "UNUserNotification-Demo" */;
			buildPhases = (
				3B3BC693207B632C000C52BF /* Sources */,
				3B3BC694207B632C000C52BF /* Frameworks */,
				3B3BC695207B632C000C52BF /* Resources */,
			);
			buildRules = (
			);
			dependencies = (
			);
			name = "UNUserNotification-Demo";
			productName = "UNUserNotification-Demo";
			productReference = 3B3BC697207B632C000C52BF /* UNUserNotification-Demo.app */;
			productType = "com.apple.product-type.application";
		};
/* End PBXNativeTarget section */

/* Begin PBXProject section */
		3B3BC68F207B632C000C52BF /* Project object */ = {
			isa = PBXProject;
			attributes = {
				LastSwiftUpdateCheck = 0920;
				LastUpgradeCheck = 0920;
				ORGANIZATIONNAME = "侯逸仙";
				TargetAttributes = {
					3B3BC696207B632C000C52BF = {
						CreatedOnToolsVersion = 9.2;
						ProvisioningStyle = Automatic;
					};
				};
			};
			buildConfigurationList = 3B3BC692207B632C000C52BF /* Build configuration list for PBXProject "UNUserNotification-Demo" */;
			compatibilityVersion = "Xcode 8.0";
			developmentRegion = en;
			hasScannedForEncodings = 0;
			knownRegions = (
				en,
				Base,
			);
			mainGroup = 3B3BC68E207B632C000C52BF;
			productRefGroup = 3B3BC698207B632C000C52BF /* Products */;
			projectDirPath = "";
			projectRoot = "";
			targets = (
				3B3BC696207B632C000C52BF /* UNUserNotification-Demo */,
			);
		};
/* End PBXProject section */

/* Begin PBXResourcesBuildPhase section */
		3B3BC695207B632C000C52BF /* Resources */ = {
			isa = PBXResourcesBuildPhase;
			buildActionMask = 2147483647;
			files = (
				3B3BC6A5207B632C000C52BF /* LaunchScreen.storyboard in Resources */,
				3B3BC6A2207B632C000C52BF /* Assets.xcassets in Resources */,
				3B3BC6A0207B632C000C52BF /* Main.storyboard in Resources */,
			);
			runOnlyForDeploymentPostprocessing = 0;
		};
/* End PBXResourcesBuildPhase section */

/* Begin PBXSourcesBuildPhase section */
		3B3BC693207B632C000C52BF /* Sources */ = {
			isa = PBXSourcesBuildPhase;
			buildActionMask = 2147483647;
			files = (
				3B3BC69D207B632C000C52BF /* ViewController.swift in Sources */,
				3B3BC69B207B632C000C52BF /* AppDelegate.swift in Sources */,
			);
			runOnlyForDeploymentPostprocessing = 0;
		};
/* End PBXSourcesBuildPhase section */

/* Begin PBXVariantGroup section */
		3B3BC69E207B632C000C52BF /* Main.storyboard */ = {
			isa = PBXVariantGroup;
			children = (
				3B3BC69F207B632C000C52BF /* Base */,
			);
			name = Main.storyboard;
			sourceTree = "<group>";
		};
		3B3BC6A3207B632C000C52BF /* LaunchScreen.storyboard */ = {
			isa = PBXVariantGroup;
			children = (
				3B3BC6A4207B632C000C52BF /* Base */,
			);
			name = LaunchScreen.storyboard;
			sourceTree = "<group>";
		};
/* End PBXVariantGroup section */

/* Begin XCBuildConfiguration section */
		3B3BC6A7207B632C000C52BF /* Debug */ = {
			isa = XCBuildConfiguration;
			buildSettings = {
				ALWAYS_SEARCH_USER_PATHS = NO;
				CLANG_ANALYZER_NONNULL = YES;
				CLANG_ANALYZER_NUMBER_OBJECT_CONVERSION = YES_AGGRESSIVE;
				CLANG_CXX_LANGUAGE_STANDARD = "gnu++14";
				CLANG_CXX_LIBRARY = "libc++";
				CLANG_ENABLE_MODULES = YES;
				CLANG_ENABLE_OBJC_ARC = YES;
				CLANG_WARN_BLOCK_CAPTURE_AUTORELEASING = YES;
				CLANG_WARN_BOOL_CONVERSION = YES;
				CLANG_WARN_COMMA = YES;
				CLANG_WARN_CONSTANT_CONVERSION = YES;
				CLANG_WARN_DIRECT_OBJC_ISA_USAGE = YES_ERROR;
				CLANG_WARN_DOCUMENTATION_COMMENTS = YES;
				CLANG_WARN_EMPTY_BODY = YES;
				CLANG_WARN_ENUM_CONVERSION = YES;
				CLANG_WARN_INFINITE_RECURSION = YES;
				CLANG_WARN_INT_CONVERSION = YES;
				CLANG_WARN_NON_LITERAL_NULL_CONVERSION = YES;
				CLANG_WARN_OBJC_LITERAL_CONVERSION = YES;
				CLANG_WARN_OBJC_ROOT_CLASS = YES_ERROR;
				CLANG_WARN_RANGE_LOOP_ANALYSIS = YES;
				CLANG_WARN_STRICT_PROTOTYPES = YES;
				CLANG_WARN_SUSPICIOUS_MOVE = YES;
				CLANG_WARN_UNGUARDED_AVAILABILITY = YES_AGGRESSIVE;
				CLANG_WARN_UNREACHABLE_CODE = YES;
				CLANG_WARN__DUPLICATE_METHOD_MATCH = YES;
				CODE_SIGN_IDENTITY = "iPhone Developer";
				COPY_PHASE_STRIP = NO;
				DEBUG_INFORMATION_FORMAT = dwarf;
				ENABLE_STRICT_OBJC_MSGSEND = YES;
				ENABLE_TESTABILITY = YES;
				GCC_C_LANGUAGE_STANDARD = gnu11;
				GCC_DYNAMIC_NO_PIC = NO;
				GCC_NO_COMMON_BLOCKS = YES;
				GCC_OPTIMIZATION_LEVEL = 0;
				GCC_PREPROCESSOR_DEFINITIONS = (
					"DEBUG=1",
					"$(inherited)",
				);
				GCC_WARN_64_TO_32_BIT_CONVERSION = YES;
				GCC_WARN_ABOUT_RETURN_TYPE = YES_ERROR;
				GCC_WARN_UNDECLARED_SELECTOR = YES;
				GCC_WARN_UNINITIALIZED_AUTOS = YES_AGGRESSIVE;
				GCC_WARN_UNUSED_FUNCTION = YES;
				GCC_WARN_UNUSED_VARIABLE = YES;
				IPHONEOS_DEPLOYMENT_TARGET = 11.2;
				MTL_ENABLE_DEBUG_INFO = YES;
				ONLY_ACTIVE_ARCH = YES;
				SDKROOT = iphoneos;
				SWIFT_ACTIVE_COMPILATION_CONDITIONS = DEBUG;
				SWIFT_OPTIMIZATION_LEVEL = "-Onone";
			};
			name = Debug;
		};
		3B3BC6A8207B632C000C52BF /* Release */ = {
			isa = XCBuildConfiguration;
			buildSettings = {
				ALWAYS_SEARCH_USER_PATHS = NO;
				CLANG_ANALYZER_NONNULL = YES;
				CLANG_ANALYZER_NUMBER_OBJECT_CONVERSION = YES_AGGRESSIVE;
				CLANG_CXX_LANGUAGE_STANDARD = "gnu++14";
				CLANG_CXX_LIBRARY = "libc++";
				CLANG_ENABLE_MODULES = YES;
				CLANG_ENABLE_OBJC_ARC = YES;
				CLANG_WARN_BLOCK_CAPTURE_AUTORELEASING = YES;
				CLANG_WARN_BOOL_CONVERSION = YES;
				CLANG_WARN_COMMA = YES;
				CLANG_WARN_CONSTANT_CONVERSION = YES;
				CLANG_WARN_DIRECT_OBJC_ISA_USAGE = YES_ERROR;
				CLANG_WARN_DOCUMENTATION_COMMENTS = YES;
				CLANG_WARN_EMPTY_BODY = YES;
				CLANG_WARN_ENUM_CONVERSION = YES;
				CLANG_WARN_INFINITE_RECURSION = YES;
				CLANG_WARN_INT_CONVERSION = YES;
				CLANG_WARN_NON_LITERAL_NULL_CONVERSION = YES;
				CLANG_WARN_OBJC_LITERAL_CONVERSION = YES;
				CLANG_WARN_OBJC_ROOT_CLASS = YES_ERROR;
				CLANG_WARN_RANGE_LOOP_ANALYSIS = YES;
				CLANG_WARN_STRICT_PROTOTYPES = YES;
				CLANG_WARN_SUSPICIOUS_MOVE = YES;
				CLANG_WARN_UNGUARDED_AVAILABILITY = YES_AGGRESSIVE;
				CLANG_WARN_UNREACHABLE_CODE = YES;
				CLANG_WARN__DUPLICATE_METHOD_MATCH = YES;
				CODE_SIGN_IDENTITY = "iPhone Developer";
				COPY_PHASE_STRIP = NO;
				DEBUG_INFORMATION_FORMAT = "dwarf-with-dsym";
				ENABLE_NS_ASSERTIONS = NO;
				ENABLE_STRICT_OBJC_MSGSEND = YES;
				GCC_C_LANGUAGE_STANDARD = gnu11;
				GCC_NO_COMMON_BLOCKS = YES;
				GCC_WARN_64_TO_32_BIT_CONVERSION = YES;
				GCC_WARN_ABOUT_RETURN_TYPE = YES_ERROR;
				GCC_WARN_UNDECLARED_SELECTOR = YES;
				GCC_WARN_UNINITIALIZED_AUTOS = YES_AGGRESSIVE;
				GCC_WARN_UNUSED_FUNCTION = YES;
				GCC_WARN_UNUSED_VARIABLE = YES;
				IPHONEOS_DEPLOYMENT_TARGET = 11.2;
				MTL_ENABLE_DEBUG_INFO = NO;
				SDKROOT = iphoneos;
				SWIFT_OPTIMIZATION_LEVEL = "-Owholemodule";
				VALIDATE_PRODUCT = YES;
			};
			name = Release;
		};
		3B3BC6AA207B632C000C52BF /* Debug */ = {
			isa = XCBuildConfiguration;
			buildSettings = {
				ASSETCATALOG_COMPILER_APPICON_NAME = AppIcon;
				CODE_SIGN_STYLE = Automatic;
				DEVELOPMENT_TEAM = ZSW87ATAYZ;
				INFOPLIST_FILE = "UNUserNotification-Demo/Info.plist";
				LD_RUNPATH_SEARCH_PATHS = "$(inherited) @executable_path/Frameworks";
				PRODUCT_BUNDLE_IDENTIFIER = "com.founder.UNUserNotification-Demo";
				PRODUCT_NAME = "$(TARGET_NAME)";
				SWIFT_VERSION = 4.0;
				TARGETED_DEVICE_FAMILY = "1,2";
			};
			name = Debug;
		};
		3B3BC6AB207B632C000C52BF /* Release */ = {
			isa = XCBuildConfiguration;
			buildSettings = {
				ASSETCATALOG_COMPILER_APPICON_NAME = AppIcon;
				CODE_SIGN_STYLE = Automatic;
				DEVELOPMENT_TEAM = ZSW87ATAYZ;
				INFOPLIST_FILE = "UNUserNotification-Demo/Info.plist";
				LD_RUNPATH_SEARCH_PATHS = "$(inherited) @executable_path/Frameworks";
				PRODUCT_BUNDLE_IDENTIFIER = "com.founder.UNUserNotification-Demo";
				PRODUCT_NAME = "$(TARGET_NAME)";
				SWIFT_VERSION = 4.0;
				TARGETED_DEVICE_FAMILY = "1,2";
			};
			name = Release;
		};
/* End XCBuildConfiguration section */

/* Begin XCConfigurationList section */
		3B3BC692207B632C000C52BF /* Build configuration list for PBXProject "UNUserNotification-Demo" */ = {
			isa = XCConfigurationList;
			buildConfigurations = (
				3B3BC6A7207B632C000C52BF /* Debug */,
				3B3BC6A8207B632C000C52BF /* Release */,
			);
			defaultConfigurationIsVisible = 0;
			defaultConfigurationName = Release;
		};
		3B3BC6A9207B632C000C52BF /* Build configuration list for PBXNativeTarget "UNUserNotification-Demo" */ = {
			isa = XCConfigurationList;
			buildConfigurations = (
				3B3BC6AA207B632C000C52BF /* Debug */,
				3B3BC6AB207B632C000C52BF /* Release */,
			);
			defaultConfigurationIsVisible = 0;
			defaultConfigurationName = Release;
		};
/* End XCConfigurationList section */
	};
	rootObject = 3B3BC68F207B632C000C52BF /* Project object */;
}
